// !$*UTF8*$!
{
	archiveVersion = 1;
	classes = {
	};
	objectVersion = 50;
	objects = {

/* Begin PBXBuildFile section */
		06029E8C2117136000C03291 /* ImageInteractionISP.swift in Sources */ = {isa = PBXBuildFile; fileRef = 06029E8B2117136000C03291 /* ImageInteractionISP.swift */; };
		06029E90211757B100C03291 /* ImagePersistenceDIP.swift in Sources */ = {isa = PBXBuildFile; fileRef = 06029E8F211757B100C03291 /* ImagePersistenceDIP.swift */; };
		06333F9321147AD100447351 /* UIImage+Operations.swift in Sources */ = {isa = PBXBuildFile; fileRef = 06333F9221147AD100447351 /* UIImage+Operations.swift */; };
		068BDA3D2115BB3700A85B78 /* ImageDecorator.swift in Sources */ = {isa = PBXBuildFile; fileRef = 068BDA3C2115BB3700A85B78 /* ImageDecorator.swift */; };
		06A38B4D21130F0A009DC492 /* AppDelegate.swift in Sources */ = {isa = PBXBuildFile; fileRef = 06A38B4C21130F0A009DC492 /* AppDelegate.swift */; };
		06A38B4F21130F0A009DC492 /* ViewController.swift in Sources */ = {isa = PBXBuildFile; fileRef = 06A38B4E21130F0A009DC492 /* ViewController.swift */; };
		06A38B5221130F0A009DC492 /* Main.storyboard in Resources */ = {isa = PBXBuildFile; fileRef = 06A38B5021130F0A009DC492 /* Main.storyboard */; };
		06A38B5421130F0F009DC492 /* Assets.xcassets in Resources */ = {isa = PBXBuildFile; fileRef = 06A38B5321130F0F009DC492 /* Assets.xcassets */; };
		06A38B5721130F0F009DC492 /* LaunchScreen.storyboard in Resources */ = {isa = PBXBuildFile; fileRef = 06A38B5521130F0F009DC492 /* LaunchScreen.storyboard */; };
		06A38B61211319A1009DC492 /* ImageControllerSRP.swift in Sources */ = {isa = PBXBuildFile; fileRef = 06A38B60211319A1009DC492 /* ImageControllerSRP.swift */; };
		06C39247211496150014C394 /* ImageOperationOCP.swift in Sources */ = {isa = PBXBuildFile; fileRef = 06C3924221148B180014C394 /* ImageOperationOCP.swift */; };
/* End PBXBuildFile section */

/* Begin PBXFileReference section */
		06029E882116F3BC00C03291 /* ImageInteraction.swift */ = {isa = PBXFileReference; lastKnownFileType = sourcecode.swift; path = ImageInteraction.swift; sourceTree = "<group>"; };
		06029E8B2117136000C03291 /* ImageInteractionISP.swift */ = {isa = PBXFileReference; lastKnownFileType = sourcecode.swift; path = ImageInteractionISP.swift; sourceTree = "<group>"; };
		06029E8D2117537300C03291 /* ImagePersistence.swift */ = {isa = PBXFileReference; lastKnownFileType = sourcecode.swift; path = ImagePersistence.swift; sourceTree = "<group>"; };
		06029E8F211757B100C03291 /* ImagePersistenceDIP.swift */ = {isa = PBXFileReference; lastKnownFileType = sourcecode.swift; path = ImagePersistenceDIP.swift; sourceTree = "<group>"; };
		06333F90211478FA00447351 /* ImageOperation.swift */ = {isa = PBXFileReference; lastKnownFileType = sourcecode.swift; path = ImageOperation.swift; sourceTree = "<group>"; };
		06333F9221147AD100447351 /* UIImage+Operations.swift */ = {isa = PBXFileReference; fileEncoding = 4; lastKnownFileType = sourcecode.swift; path = "UIImage+Operations.swift"; sourceTree = "<group>"; };
		068BDA3C2115BB3700A85B78 /* ImageDecorator.swift */ = {isa = PBXFileReference; lastKnownFileType = sourcecode.swift; path = ImageDecorator.swift; sourceTree = "<group>"; };
		06A38B4921130F0A009DC492 /* ProgrammingPrinciples.app */ = {isa = PBXFileReference; explicitFileType = wrapper.application; includeInIndex = 0; path = ProgrammingPrinciples.app; sourceTree = BUILT_PRODUCTS_DIR; };
		06A38B4C21130F0A009DC492 /* AppDelegate.swift */ = {isa = PBXFileReference; lastKnownFileType = sourcecode.swift; path = AppDelegate.swift; sourceTree = "<group>"; };
		06A38B4E21130F0A009DC492 /* ViewController.swift */ = {isa = PBXFileReference; lastKnownFileType = sourcecode.swift; path = ViewController.swift; sourceTree = "<group>"; };
		06A38B5121130F0A009DC492 /* Base */ = {isa = PBXFileReference; lastKnownFileType = file.storyboard; name = Base; path = Base.lproj/Main.storyboard; sourceTree = "<group>"; };
		06A38B5321130F0F009DC492 /* Assets.xcassets */ = {isa = PBXFileReference; lastKnownFileType = folder.assetcatalog; path = Assets.xcassets; sourceTree = "<group>"; };
		06A38B5621130F0F009DC492 /* Base */ = {isa = PBXFileReference; lastKnownFileType = file.storyboard; name = Base; path = Base.lproj/LaunchScreen.storyboard; sourceTree = "<group>"; };
		06A38B5821130F0F009DC492 /* Info.plist */ = {isa = PBXFileReference; lastKnownFileType = text.plist.xml; path = Info.plist; sourceTree = "<group>"; };
		06A38B5E21130F9D009DC492 /* ImageControllerOrdinary.swift */ = {isa = PBXFileReference; lastKnownFileType = sourcecode.swift; path = ImageControllerOrdinary.swift; sourceTree = "<group>"; };
		06A38B60211319A1009DC492 /* ImageControllerSRP.swift */ = {isa = PBXFileReference; lastKnownFileType = sourcecode.swift; path = ImageControllerSRP.swift; sourceTree = "<group>"; };
		06C3924221148B180014C394 /* ImageOperationOCP.swift */ = {isa = PBXFileReference; lastKnownFileType = sourcecode.swift; path = ImageOperationOCP.swift; sourceTree = "<group>"; };
/* End PBXFileReference section */

/* Begin PBXFrameworksBuildPhase section */
		06A38B4621130F0A009DC492 /* Frameworks */ = {
			isa = PBXFrameworksBuildPhase;
			buildActionMask = 2147483647;
			files = (
			);
			runOnlyForDeploymentPostprocessing = 0;
		};
/* End PBXFrameworksBuildPhase section */

/* Begin PBXGroup section */
		06029E8A2117132100C03291 /* Interface Segregation Principle */ = {
			isa = PBXGroup;
			children = (
				06029E882116F3BC00C03291 /* ImageInteraction.swift */,
				06029E8B2117136000C03291 /* ImageInteractionISP.swift */,
			);
			path = "Interface Segregation Principle";
			sourceTree = "<group>";
		};
		068BDA3E2115E5D800A85B78 /* Liskov Subsitution Principle */ = {
			isa = PBXGroup;
			children = (
				068BDA3C2115BB3700A85B78 /* ImageDecorator.swift */,
			);
			path = "Liskov Subsitution Principle";
			sourceTree = "<group>";
		};
		06A38B4021130F09009DC492 = {
			isa = PBXGroup;
			children = (
				06A38B4B21130F0A009DC492 /* ProgrammingPrinciples */,
				06A38B4A21130F0A009DC492 /* Products */,
			);
			sourceTree = "<group>";
		};
		06A38B4A21130F0A009DC492 /* Products */ = {
			isa = PBXGroup;
			children = (
				06A38B4921130F0A009DC492 /* ProgrammingPrinciples.app */,
			);
			name = Products;
			sourceTree = "<group>";
		};
		06A38B4B21130F0A009DC492 /* ProgrammingPrinciples */ = {
			isa = PBXGroup;
			children = (
				06A38B6321132B24009DC492 /* Supporting Files */,
				06A38B4E21130F0A009DC492 /* ViewController.swift */,
				06029E8D2117537300C03291 /* ImagePersistence.swift */,
				06029E8F211757B100C03291 /* ImagePersistenceDIP.swift */,
				06029E8A2117132100C03291 /* Interface Segregation Principle */,
				06A38B6221132AFA009DC492 /* Single Responsibility Principle */,
				06C39246211495EB0014C394 /* Open Close Principle */,
				068BDA3E2115E5D800A85B78 /* Liskov Subsitution Principle */,
				06A38B5821130F0F009DC492 /* Info.plist */,
			);
			path = ProgrammingPrinciples;
			sourceTree = "<group>";
		};
		06A38B6221132AFA009DC492 /* Single Responsibility Principle */ = {
			isa = PBXGroup;
			children = (
				06A38B5E21130F9D009DC492 /* ImageControllerOrdinary.swift */,
				06A38B60211319A1009DC492 /* ImageControllerSRP.swift */,
			);
			path = "Single Responsibility Principle";
			sourceTree = "<group>";
		};
		06A38B6321132B24009DC492 /* Supporting Files */ = {
			isa = PBXGroup;
			children = (
				06333F9221147AD100447351 /* UIImage+Operations.swift */,
				06A38B4C21130F0A009DC492 /* AppDelegate.swift */,
				06A38B5021130F0A009DC492 /* Main.storyboard */,
				06A38B5321130F0F009DC492 /* Assets.xcassets */,
				06A38B5521130F0F009DC492 /* LaunchScreen.storyboard */,
			);
			path = "Supporting Files";
			sourceTree = "<group>";
		};
		06C39246211495EB0014C394 /* Open Close Principle */ = {
			isa = PBXGroup;
			children = (
				06333F90211478FA00447351 /* ImageOperation.swift */,
				06C3924221148B180014C394 /* ImageOperationOCP.swift */,
			);
			path = "Open Close Principle";
			sourceTree = "<group>";
		};
/* End PBXGroup section */

/* Begin PBXNativeTarget section */
		06A38B4821130F0A009DC492 /* ProgrammingPrinciples */ = {
			isa = PBXNativeTarget;
			buildConfigurationList = 06A38B5B21130F0F009DC492 /* Build configuration list for PBXNativeTarget "ProgrammingPrinciples" */;
			buildPhases = (
				06A38B4521130F0A009DC492 /* Sources */,
				06A38B4621130F0A009DC492 /* Frameworks */,
				06A38B4721130F0A009DC492 /* Resources */,
			);
			buildRules = (
			);
			dependencies = (
			);
			name = ProgrammingPrinciples;
			productName = ProgrammingPrinciples;
			productReference = 06A38B4921130F0A009DC492 /* ProgrammingPrinciples.app */;
			productType = "com.apple.product-type.application";
		};
/* End PBXNativeTarget section */

/* Begin PBXProject section */
		06A38B4121130F09009DC492 /* Project object */ = {
			isa = PBXProject;
			attributes = {
				LastSwiftUpdateCheck = 0940;
				LastUpgradeCheck = 0940;
				ORGANIZATIONNAME = Sajad;
				TargetAttributes = {
					06A38B4821130F0A009DC492 = {
						CreatedOnToolsVersion = 9.4.1;
					};
				};
			};
			buildConfigurationList = 06A38B4421130F09009DC492 /* Build configuration list for PBXProject "ProgrammingPrinciples" */;
			compatibilityVersion = "Xcode 9.3";
			developmentRegion = en;
			hasScannedForEncodings = 0;
			knownRegions = (
				en,
				Base,
			);
			mainGroup = 06A38B4021130F09009DC492;
			productRefGroup = 06A38B4A21130F0A009DC492 /* Products */;
			projectDirPath = "";
			projectRoot = "";
			targets = (
				06A38B4821130F0A009DC492 /* ProgrammingPrinciples */,
			);
		};
/* End PBXProject section */

/* Begin PBXResourcesBuildPhase section */
		06A38B4721130F0A009DC492 /* Resources */ = {
			isa = PBXResourcesBuildPhase;
			buildActionMask = 2147483647;
			files = (
				06A38B5721130F0F009DC492 /* LaunchScreen.storyboard in Resources */,
				06A38B5421130F0F009DC492 /* Assets.xcassets in Resources */,
				06A38B5221130F0A009DC492 /* Main.storyboard in Resources */,
			);
			runOnlyForDeploymentPostprocessing = 0;
		};
/* End PBXResourcesBuildPhase section */

/* Begin PBXSourcesBuildPhase section */
		06A38B4521130F0A009DC492 /* Sources */ = {
			isa = PBXSourcesBuildPhase;
			buildActionMask = 2147483647;
			files = (
				06A38B4F21130F0A009DC492 /* ViewController.swift in Sources */,
				06A38B61211319A1009DC492 /* ImageControllerSRP.swift in Sources */,
				06A38B4D21130F0A009DC492 /* AppDelegate.swift in Sources */,
				06029E8C2117136000C03291 /* ImageInteractionISP.swift in Sources */,
				06C39247211496150014C394 /* ImageOperationOCP.swift in Sources */,
				06333F9321147AD100447351 /* UIImage+Operations.swift in Sources */,
				06029E90211757B100C03291 /* ImagePersistenceDIP.swift in Sources */,
				068BDA3D2115BB3700A85B78 /* ImageDecorator.swift in Sources */,
			);
			runOnlyForDeploymentPostprocessing = 0;
		};
/* End PBXSourcesBuildPhase section */

/* Begin PBXVariantGroup section */
		06A38B5021130F0A009DC492 /* Main.storyboard */ = {
			isa = PBXVariantGroup;
			children = (
				06A38B5121130F0A009DC492 /* Base */,
			);
			name = Main.storyboard;
			sourceTree = "<group>";
		};
		06A38B5521130F0F009DC492 /* LaunchScreen.storyboard */ = {
			isa = PBXVariantGroup;
			children = (
				06A38B5621130F0F009DC492 /* Base */,
			);
			name = LaunchScreen.storyboard;
			sourceTree = "<group>";
		};
/* End PBXVariantGroup section */

/* Begin XCBuildConfiguration section */
		06A38B5921130F0F009DC492 /* Debug */ = {
			isa = XCBuildConfiguration;
			buildSettings = {
				ALWAYS_SEARCH_USER_PATHS = NO;
				CLANG_ANALYZER_NONNULL = YES;
				CLANG_ANALYZER_NUMBER_OBJECT_CONVERSION = YES_AGGRESSIVE;
				CLANG_CXX_LANGUAGE_STANDARD = "gnu++14";
				CLANG_CXX_LIBRARY = "libc++";
				CLANG_ENABLE_MODULES = YES;
				CLANG_ENABLE_OBJC_ARC = YES;
				CLANG_ENABLE_OBJC_WEAK = YES;
				CLANG_WARN_BLOCK_CAPTURE_AUTORELEASING = YES;
				CLANG_WARN_BOOL_CONVERSION = YES;
				CLANG_WARN_COMMA = YES;
				CLANG_WARN_CONSTANT_CONVERSION = YES;
				CLANG_WARN_DEPRECATED_OBJC_IMPLEMENTATIONS = YES;
				CLANG_WARN_DIRECT_OBJC_ISA_USAGE = YES_ERROR;
				CLANG_WARN_DOCUMENTATION_COMMENTS = YES;
				CLANG_WARN_EMPTY_BODY = YES;
				CLANG_WARN_ENUM_CONVERSION = YES;
				CLANG_WARN_INFINITE_RECURSION = YES;
				CLANG_WARN_INT_CONVERSION = YES;
				CLANG_WARN_NON_LITERAL_NULL_CONVERSION = YES;
				CLANG_WARN_OBJC_IMPLICIT_RETAIN_SELF = YES;
				CLANG_WARN_OBJC_LITERAL_CONVERSION = YES;
				CLANG_WARN_OBJC_ROOT_CLASS = YES_ERROR;
				CLANG_WARN_RANGE_LOOP_ANALYSIS = YES;
				CLANG_WARN_STRICT_PROTOTYPES = YES;
				CLANG_WARN_SUSPICIOUS_MOVE = YES;
				CLANG_WARN_UNGUARDED_AVAILABILITY = YES_AGGRESSIVE;
				CLANG_WARN_UNREACHABLE_CODE = YES;
				CLANG_WARN__DUPLICATE_METHOD_MATCH = YES;
				CODE_SIGN_IDENTITY = "iPhone Developer";
				COPY_PHASE_STRIP = NO;
				DEBUG_INFORMATION_FORMAT = dwarf;
				ENABLE_STRICT_OBJC_MSGSEND = YES;
				ENABLE_TESTABILITY = YES;
				GCC_C_LANGUAGE_STANDARD = gnu11;
				GCC_DYNAMIC_NO_PIC = NO;
				GCC_NO_COMMON_BLOCKS = YES;
				GCC_OPTIMIZATION_LEVEL = 0;
				GCC_PREPROCESSOR_DEFINITIONS = (
					"DEBUG=1",
					"$(inherited)",
				);
				GCC_WARN_64_TO_32_BIT_CONVERSION = YES;
				GCC_WARN_ABOUT_RETURN_TYPE = YES_ERROR;
				GCC_WARN_UNDECLARED_SELECTOR = YES;
				GCC_WARN_UNINITIALIZED_AUTOS = YES_AGGRESSIVE;
				GCC_WARN_UNUSED_FUNCTION = YES;
				GCC_WARN_UNUSED_VARIABLE = YES;
				IPHONEOS_DEPLOYMENT_TARGET = 11.4;
				MTL_ENABLE_DEBUG_INFO = YES;
				ONLY_ACTIVE_ARCH = YES;
				SDKROOT = iphoneos;
				SWIFT_ACTIVE_COMPILATION_CONDITIONS = DEBUG;
				SWIFT_OPTIMIZATION_LEVEL = "-Onone";
			};
			name = Debug;
		};
		06A38B5A21130F0F009DC492 /* Release */ = {
			isa = XCBuildConfiguration;
			buildSettings = {
				ALWAYS_SEARCH_USER_PATHS = NO;
				CLANG_ANALYZER_NONNULL = YES;
				CLANG_ANALYZER_NUMBER_OBJECT_CONVERSION = YES_AGGRESSIVE;
				CLANG_CXX_LANGUAGE_STANDARD = "gnu++14";
				CLANG_CXX_LIBRARY = "libc++";
				CLANG_ENABLE_MODULES = YES;
				CLANG_ENABLE_OBJC_ARC = YES;
				CLANG_ENABLE_OBJC_WEAK = YES;
				CLANG_WARN_BLOCK_CAPTURE_AUTORELEASING = YES;
				CLANG_WARN_BOOL_CONVERSION = YES;
				CLANG_WARN_COMMA = YES;
				CLANG_WARN_CONSTANT_CONVERSION = YES;
				CLANG_WARN_DEPRECATED_OBJC_IMPLEMENTATIONS = YES;
				CLANG_WARN_DIRECT_OBJC_ISA_USAGE = YES_ERROR;
				CLANG_WARN_DOCUMENTATION_COMMENTS = YES;
				CLANG_WARN_EMPTY_BODY = YES;
				CLANG_WARN_ENUM_CONVERSION = YES;
				CLANG_WARN_INFINITE_RECURSION = YES;
				CLANG_WARN_INT_CONVERSION = YES;
				CLANG_WARN_NON_LITERAL_NULL_CONVERSION = YES;
				CLANG_WARN_OBJC_IMPLICIT_RETAIN_SELF = YES;
				CLANG_WARN_OBJC_LITERAL_CONVERSION = YES;
				CLANG_WARN_OBJC_ROOT_CLASS = YES_ERROR;
				CLANG_WARN_RANGE_LOOP_ANALYSIS = YES;
				CLANG_WARN_STRICT_PROTOTYPES = YES;
				CLANG_WARN_SUSPICIOUS_MOVE = YES;
				CLANG_WARN_UNGUARDED_AVAILABILITY = YES_AGGRESSIVE;
				CLANG_WARN_UNREACHABLE_CODE = YES;
				CLANG_WARN__DUPLICATE_METHOD_MATCH = YES;
				CODE_SIGN_IDENTITY = "iPhone Developer";
				COPY_PHASE_STRIP = NO;
				DEBUG_INFORMATION_FORMAT = "dwarf-with-dsym";
				ENABLE_NS_ASSERTIONS = NO;
				ENABLE_STRICT_OBJC_MSGSEND = YES;
				GCC_C_LANGUAGE_STANDARD = gnu11;
				GCC_NO_COMMON_BLOCKS = YES;
				GCC_WARN_64_TO_32_BIT_CONVERSION = YES;
				GCC_WARN_ABOUT_RETURN_TYPE = YES_ERROR;
				GCC_WARN_UNDECLARED_SELECTOR = YES;
				GCC_WARN_UNINITIALIZED_AUTOS = YES_AGGRESSIVE;
				GCC_WARN_UNUSED_FUNCTION = YES;
				GCC_WARN_UNUSED_VARIABLE = YES;
				IPHONEOS_DEPLOYMENT_TARGET = 11.4;
				MTL_ENABLE_DEBUG_INFO = NO;
				SDKROOT = iphoneos;
				SWIFT_COMPILATION_MODE = wholemodule;
				SWIFT_OPTIMIZATION_LEVEL = "-O";
				VALIDATE_PRODUCT = YES;
			};
			name = Release;
		};
		06A38B5C21130F0F009DC492 /* Debug */ = {
			isa = XCBuildConfiguration;
			buildSettings = {
				ASSETCATALOG_COMPILER_APPICON_NAME = AppIcon;
				CODE_SIGN_STYLE = Automatic;
				INFOPLIST_FILE = ProgrammingPrinciples/Info.plist;
				LD_RUNPATH_SEARCH_PATHS = (
					"$(inherited)",
					"@executable_path/Frameworks",
				);
				PRODUCT_BUNDLE_IDENTIFIER = com.sajad.ProgrammingPrinciples;
				PRODUCT_NAME = "$(TARGET_NAME)";
				SWIFT_VERSION = 4.0;
				TARGETED_DEVICE_FAMILY = "1,2";
			};
			name = Debug;
		};
		06A38B5D21130F0F009DC492 /* Release */ = {
			isa = XCBuildConfiguration;
			buildSettings = {
				ASSETCATALOG_COMPILER_APPICON_NAME = AppIcon;
				CODE_SIGN_STYLE = Automatic;
				INFOPLIST_FILE = ProgrammingPrinciples/Info.plist;
				LD_RUNPATH_SEARCH_PATHS = (
					"$(inherited)",
					"@executable_path/Frameworks",
				);
				PRODUCT_BUNDLE_IDENTIFIER = com.sajad.ProgrammingPrinciples;
				PRODUCT_NAME = "$(TARGET_NAME)";
				SWIFT_VERSION = 4.0;
				TARGETED_DEVICE_FAMILY = "1,2";
			};
			name = Release;
		};
/* End XCBuildConfiguration section */

/* Begin XCConfigurationList section */
		06A38B4421130F09009DC492 /* Build configuration list for PBXProject "ProgrammingPrinciples" */ = {
			isa = XCConfigurationList;
			buildConfigurations = (
				06A38B5921130F0F009DC492 /* Debug */,
				06A38B5A21130F0F009DC492 /* Release */,
			);
			defaultConfigurationIsVisible = 0;
			defaultConfigurationName = Release;
		};
		06A38B5B21130F0F009DC492 /* Build configuration list for PBXNativeTarget "ProgrammingPrinciples" */ = {
			isa = XCConfigurationList;
			buildConfigurations = (
				06A38B5C21130F0F009DC492 /* Debug */,
				06A38B5D21130F0F009DC492 /* Release */,
			);
			defaultConfigurationIsVisible = 0;
			defaultConfigurationName = Release;
		};
/* End XCConfigurationList section */
	};
	rootObject = 06A38B4121130F09009DC492 /* Project object */;
}
